
Microsoft Visual Studio Solution File, Format Version 12.00
# Visual Studio Version 16
VisualStudioVersion = 16.0.810.11
MinimumVisualStudioVersion = 10.0.40219.1
Project("{FAE04EC0-301F-11D3-BF4B-00C04F79EFBC}") = "SFMCiOS", "SFMCiOS\SFMCiOS.csproj", "{ABA6AEB3-A8C3-49F5-BF1D-C9AE56D2FB12}"
EndProject
Project("{FAE04EC0-301F-11D3-BF4B-00C04F79EFBC}") = "SFMCDroid", "SFMCDroid\SFMCDroid.csproj", "{20368F48-C9CC-474D-9D1E-DDE77495B5A5}"
EndProject
Global
	GlobalSection(SolutionConfigurationPlatforms) = preSolution
		Debug|Any CPU = Debug|Any CPU
		Release|Any CPU = Release|Any CPU
	EndGlobalSection
	GlobalSection(ProjectConfigurationPlatforms) = postSolution
		{ABA6AEB3-A8C3-49F5-BF1D-C9AE56D2FB12}.Debug|Any CPU.ActiveCfg = Debug|Any CPU
		{ABA6AEB3-A8C3-49F5-BF1D-C9AE56D2FB12}.Debug|Any CPU.Build.0 = Debug|Any CPU
		{ABA6AEB3-A8C3-49F5-BF1D-C9AE56D2FB12}.Release|Any CPU.ActiveCfg = Release|Any CPU
		{ABA6AEB3-A8C3-49F5-BF1D-C9AE56D2FB12}.Release|Any CPU.Build.0 = Release|Any CPU
		{20368F48-C9CC-474D-9D1E-DDE77495B5A5}.Debug|Any CPU.ActiveCfg = Debug|Any CPU
		{20368F48-C9CC-474D-9D1E-DDE77495B5A5}.Debug|Any CPU.Build.0 = Debug|Any CPU
		{20368F48-C9CC-474D-9D1E-DDE77495B5A5}.Release|Any CPU.ActiveCfg = Release|Any CPU
		{20368F48-C9CC-474D-9D1E-DDE77495B5A5}.Release|Any CPU.Build.0 = Release|Any CPU
	EndGlobalSection
	GlobalSection(SolutionProperties) = preSolution
		HideSolutionNode = FALSE
	EndGlobalSection
	GlobalSection(ExtensibilityGlobals) = postSolution
		SolutionGuid = {CB7FBF9E-4470-4725-AEBA-323BAB8EF5DD}
	EndGlobalSection
EndGlobal
